
Microsoft Visual Studio Solution File, Format Version 12.00
# Visual Studio Version 17
VisualStudioVersion = 17.3.32804.467
MinimumVisualStudioVersion = 10.0.40219.1
Project("{FAE04EC0-301F-11D3-BF4B-00C04F79EFBC}") = "AssingnmentOnEFCodeFirst-Demo1", "AssingnmentOnEFCodeFirst-Demo1\AssingnmentOnEFCodeFirst-Demo1.csproj", "{DF06F297-D56D-4D5F-A094-C6602B1A412B}"
EndProject
Global
	GlobalSection(SolutionConfigurationPlatforms) = preSolution
		Debug|Any CPU = Debug|Any CPU
		Release|Any CPU = Release|Any CPU
	EndGlobalSection
	GlobalSection(ProjectConfigurationPlatforms) = postSolution
		{DF06F297-D56D-4D5F-A094-C6602B1A412B}.Debug|Any CPU.ActiveCfg = Debug|Any CPU
		{DF06F297-D56D-4D5F-A094-C6602B1A412B}.Debug|Any CPU.Build.0 = Debug|Any CPU
		{DF06F297-D56D-4D5F-A094-C6602B1A412B}.Release|Any CPU.ActiveCfg = Release|Any CPU
		{DF06F297-D56D-4D5F-A094-C6602B1A412B}.Release|Any CPU.Build.0 = Release|Any CPU
	EndGlobalSection
	GlobalSection(SolutionProperties) = preSolution
		HideSolutionNode = FALSE
	EndGlobalSection
	GlobalSection(ExtensibilityGlobals) = postSolution
		SolutionGuid = {0C81CD0B-141E-4027-8EBF-2360041CC4DD}
	EndGlobalSection
EndGlobal
